[[package]]
name = "certifi"
version = "2021.10.8"
description = "Python package for providing Mozilla's CA Bundle."
category = "main"
optional = false
python-versions = "*"

[[package]]
name = "charset-normalizer"
version = "2.0.12"
description = "The Real First Universal Charset Detector. Open, modern and actively maintained alternative to Chardet."
category = "main"
optional = false
python-versions = ">=3.5.0"

[package.extras]
unicode_backport = ["unicodedata2"]

[[package]]
name = "coloredlogs"
version = "15.0.1"
description = "Colored terminal output for Python's logging module"
category = "main"
optional = false
python-versions = ">=2.7, !=3.0.*, !=3.1.*, !=3.2.*, !=3.3.*, !=3.4.*"

[package.dependencies]
humanfriendly = ">=9.1"

[package.extras]
cron = ["capturer (>=2.4)"]

[[package]]
name = "humanfriendly"
version = "10.0"
description = "Human friendly output for text interfaces using Python"
category = "main"
optional = false
python-versions = ">=2.7, !=3.0.*, !=3.1.*, !=3.2.*, !=3.3.*, !=3.4.*"

[package.dependencies]
pyreadline3 = {version = "*", markers = "sys_platform == \"win32\" and python_version >= \"3.8\""}

[[package]]
name = "idna"
version = "3.3"
description = "Internationalized Domain Names in Applications (IDNA)"
category = "main"
optional = false
python-versions = ">=3.5"

[[package]]
name = "mutagen"
version = "1.45.1"
description = "read and write audio tags for many formats"
category = "main"
optional = false
python-versions = ">=3.5, <4"

[[package]]
name = "pycryptodomex"
version = "3.14.1"
description = "Cryptographic library for Python"
category = "main"
optional = false
python-versions = ">=2.7, !=3.0.*, !=3.1.*, !=3.2.*, !=3.3.*, !=3.4.*"

[[package]]
name = "pyreadline3"
version = "3.4.1"
description = "A python implementation of GNU readline."
category = "main"
optional = false
python-versions = "*"

[[package]]
name = "pyyaml"
version = "6.0"
description = "YAML parser and emitter for Python"
category = "main"
optional = false
python-versions = ">=3.6"

[[package]]
name = "requests"
version = "2.27.1"
description = "Python HTTP for Humans."
category = "main"
optional = false
python-versions = ">=2.7, !=3.0.*, !=3.1.*, !=3.2.*, !=3.3.*, !=3.4.*, !=3.5.*"

[package.dependencies]
certifi = ">=2017.4.17"
charset-normalizer = {version = ">=2.0.0,<2.1.0", markers = "python_version >= \"3\""}
idna = {version = ">=2.5,<4", markers = "python_version >= \"3\""}
urllib3 = ">=1.21.1,<1.27"

[package.extras]
socks = ["PySocks (>=1.5.6,!=1.5.7)", "win-inet-pton"]
use_chardet_on_py3 = ["chardet (>=3.0.2,<5)"]

[[package]]
name = "urllib3"
version = "1.26.8"
description = "HTTP library with thread-safe connection pooling, file post, and more."
category = "main"
optional = false
python-versions = ">=2.7, !=3.0.*, !=3.1.*, !=3.2.*, !=3.3.*, !=3.4.*, <4"

[package.extras]
brotli = ["brotlipy (>=0.6.0)"]
secure = ["pyOpenSSL (>=0.14)", "cryptography (>=1.3.4)", "idna (>=2.0.0)", "certifi", "ipaddress"]
socks = ["PySocks (>=1.5.6,!=1.5.7,<2.0)"]

[[package]]
name = "websockets"
version = "10.2"
description = "An implementation of the WebSocket Protocol (RFC 6455 & 7692)"
category = "main"
optional = false
python-versions = ">=3.7"

[[package]]
name = "yt-dlp"
version = "2022.2.4"
description = "A youtube-dl fork with additional features and patches"
category = "main"
optional = false
python-versions = ">=3.6"

[package.dependencies]
mutagen = "*"
pycryptodomex = "*"
websockets = "*"

[metadata]
lock-version = "1.1"
python-versions = "^3.8"
content-hash = "37fe92a469a5a8801f77c4fb667cdab73173729238e1c3a1179eef703263c3c1"

[metadata.files]
certifi = [
    {file = "certifi-2021.10.8-py2.py3-none-any.whl", hash = "sha256:d62a0163eb4c2344ac042ab2bdf75399a71a2d8c7d47eac2e2ee91b9d6339569"},
    {file = "certifi-2021.10.8.tar.gz", hash = "sha256:78884e7c1d4b00ce3cea67b44566851c4343c120abd683433ce934a68ea58872"},
]
charset-normalizer = [
    {file = "charset-normalizer-2.0.12.tar.gz", hash = "sha256:2857e29ff0d34db842cd7ca3230549d1a697f96ee6d3fb071cfa6c7393832597"},
    {file = "charset_normalizer-2.0.12-py3-none-any.whl", hash = "sha256:6881edbebdb17b39b4eaaa821b438bf6eddffb4468cf344f09f89def34a8b1df"},
]
coloredlogs = [
    {file = "coloredlogs-15.0.1-py2.py3-none-any.whl", hash = "sha256:612ee75c546f53e92e70049c9dbfcc18c935a2b9a53b66085ce9ef6a6e5c0934"},
    {file = "coloredlogs-15.0.1.tar.gz", hash = "sha256:7c991aa71a4577af2f82600d8f8f3a89f936baeaf9b50a9c197da014e5bf16b0"},
]
humanfriendly = [
    {file = "humanfriendly-10.0-py2.py3-none-any.whl", hash = "sha256:1697e1a8a8f550fd43c2865cd84542fc175a61dcb779b6fee18cf6b6ccba1477"},
    {file = "humanfriendly-10.0.tar.gz", hash = "sha256:6b0b831ce8f15f7300721aa49829fc4e83921a9a301cc7f606be6686a2288ddc"},
]
idna = [
    {file = "idna-3.3-py3-none-any.whl", hash = "sha256:84d9dd047ffa80596e0f246e2eab0b391788b0503584e8945f2368256d2735ff"},
    {file = "idna-3.3.tar.gz", hash = "sha256:9d643ff0a55b762d5cdb124b8eaa99c66322e2157b69160bc32796e824360e6d"},
]
mutagen = [
    {file = "mutagen-1.45.1-py3-none-any.whl", hash = "sha256:9c9f243fcec7f410f138cb12c21c84c64fde4195481a30c9bfb05b5f003adfed"},
    {file = "mutagen-1.45.1.tar.gz", hash = "sha256:6397602efb3c2d7baebd2166ed85731ae1c1d475abca22090b7141ff5034b3e1"},
]
pycryptodomex = [
    {file = "pycryptodomex-3.14.1-cp27-cp27m-macosx_10_9_x86_64.whl", hash = "sha256:ca88f2f7020002638276439a01ffbb0355634907d1aa5ca91f3dc0c2e44e8f3b"},
    {file = "pycryptodomex-3.14.1-cp27-cp27m-manylinux1_i686.whl", hash = "sha256:8536bc08d130cae6dcba1ea689f2913dfd332d06113904d171f2f56da6228e89"},
    {file = "pycryptodomex-3.14.1-cp27-cp27m-manylinux1_x86_64.whl", hash = "sha256:406ec8cfe0c098fadb18d597dc2ee6de4428d640c0ccafa453f3d9b2e58d29e2"},
    {file = "pycryptodomex-3.14.1-cp27-cp27m-manylinux2010_i686.whl", hash = "sha256:da8db8374295fb532b4b0c467e66800ef17d100e4d5faa2bbbd6df35502da125"},
    {file = "pycryptodomex-3.14.1-cp27-cp27m-manylinux2010_x86_64.whl", hash = "sha256:d709572d64825d8d59ea112e11cc7faf6007f294e9951324b7574af4251e4de8"},
    {file = "pycryptodomex-3.14.1-cp27-cp27m-win32.whl", hash = "sha256:3da13c2535b7aea94cc2a6d1b1b37746814c74b6e80790daddd55ca5c120a489"},
    {file = "pycryptodomex-3.14.1-cp27-cp27m-win_amd64.whl", hash = "sha256:298c00ea41a81a491d5b244d295d18369e5aac4b61b77b2de5b249ca61cd6659"},
    {file = "pycryptodomex-3.14.1-cp27-cp27mu-manylinux1_i686.whl", hash = "sha256:77931df40bb5ce5e13f4de2bfc982b2ddc0198971fbd947776c8bb5050896eb2"},
    {file = "pycryptodomex-3.14.1-cp27-cp27mu-manylinux1_x86_64.whl", hash = "sha256:c5dd3ffa663c982d7f1be9eb494a8924f6d40e2e2f7d1d27384cfab1b2ac0662"},
    {file = "pycryptodomex-3.14.1-cp27-cp27mu-manylinux2010_i686.whl", hash = "sha256:2aa887683eee493e015545bd69d3d21ac8d5ad582674ec98f4af84511e353e45"},
    {file = "pycryptodomex-3.14.1-cp27-cp27mu-manylinux2010_x86_64.whl", hash = "sha256:8085bd0ad2034352eee4d4f3e2da985c2749cb7344b939f4d95ead38c2520859"},
    {file = "pycryptodomex-3.14.1-cp35-abi3-macosx_10_9_x86_64.whl", hash = "sha256:e95a4a6c54d27a84a4624d2af8bb9ee178111604653194ca6880c98dcad92f48"},
    {file = "pycryptodomex-3.14.1-cp35-abi3-manylinux1_i686.whl", hash = "sha256:a4d412eba5679ede84b41dbe48b1bed8f33131ab9db06c238a235334733acc5e"},
    {file = "pycryptodomex-3.14.1-cp35-abi3-manylinux1_x86_64.whl", hash = "sha256:d2cce1c82a7845d7e2e8a0956c6b7ed3f1661c9acf18eb120fc71e098ab5c6fe"},
    {file = "pycryptodomex-3.14.1-cp35-abi3-manylinux2010_i686.whl", hash = "sha256:f75009715dcf4a3d680c2338ab19dac5498f8121173a929872950f4fb3a48fbf"},
    {file = "pycryptodomex-3.14.1-cp35-abi3-manylinux2010_x86_64.whl", hash = "sha256:1ca8e1b4c62038bb2da55451385246f51f412c5f5eabd64812c01766a5989b4a"},
    {file = "pycryptodomex-3.14.1-cp35-abi3-win32.whl", hash = "sha256:ee835def05622e0c8b1435a906491760a43d0c462f065ec9143ec4b8d79f8bff"},
    {file = "pycryptodomex-3.14.1-cp35-abi3-win_amd64.whl", hash = "sha256:b5a185ae79f899b01ca49f365bdf15a45d78d9856f09b0de1a41b92afce1a07f"},
    {file = "pycryptodomex-3.14.1-pp27-pypy_73-macosx_10_9_x86_64.whl", hash = "sha256:797a36bd1f69df9e2798e33edb4bd04e5a30478efc08f9428c087f17f65a7045"},
    {file = "pycryptodomex-3.14.1-pp27-pypy_73-manylinux1_x86_64.whl", hash = "sha256:aebecde2adc4a6847094d3bd6a8a9538ef3438a5ea84ac1983fcb167db614461"},
    {file = "pycryptodomex-3.14.1-pp27-pypy_73-manylinux2010_x86_64.whl", hash = "sha256:f8524b8bc89470cec7ac51734907818d3620fb1637f8f8b542d650ebec42a126"},
    {file = "pycryptodomex-3.14.1-pp27-pypy_73-win32.whl", hash = "sha256:4d0db8df9ffae36f416897ad184608d9d7a8c2b46c4612c6bc759b26c073f750"},
    {file = "pycryptodomex-3.14.1-pp36-pypy36_pp73-macosx_10_9_x86_64.whl", hash = "sha256:b276cc4deb4a80f9dfd47a41ebb464b1fe91efd8b1b8620cf5ccf8b824b850d6"},
    {file = "pycryptodomex-3.14.1-pp36-pypy36_pp73-manylinux1_x86_64.whl", hash = "sha256:e36c7e3b5382cd5669cf199c4a04a0279a43b2a3bdd77627e9b89778ac9ec08c"},
    {file = "pycryptodomex-3.14.1-pp36-pypy36_pp73-manylinux2010_x86_64.whl", hash = "sha256:c4d8977ccda886d88dc3ca789de2f1adc714df912ff3934b3d0a3f3d777deafb"},
    {file = "pycryptodomex-3.14.1-pp36-pypy36_pp73-win32.whl", hash = "sha256:530756d2faa40af4c1f74123e1d889bd07feae45bac2fd32f259a35f7aa74151"},
    {file = "pycryptodomex-3.14.1.tar.gz", hash = "sha256:2ce76ed0081fd6ac8c74edc75b9d14eca2064173af79843c24fa62573263c1f2"},
]
pyreadline3 = [
    {file = "pyreadline3-3.4.1-py3-none-any.whl", hash = "sha256:b0efb6516fd4fb07b45949053826a62fa4cb353db5be2bbb4a7aa1fdd1e345fb"},
    {file = "pyreadline3-3.4.1.tar.gz", hash = "sha256:6f3d1f7b8a31ba32b73917cefc1f28cc660562f39aea8646d30bd6eff21f7bae"},
]
pyyaml = [
    {file = "PyYAML-6.0-cp310-cp310-macosx_10_9_x86_64.whl", hash = "sha256:d4db7c7aef085872ef65a8fd7d6d09a14ae91f691dec3e87ee5ee0539d516f53"},
    {file = "PyYAML-6.0-cp310-cp310-macosx_11_0_arm64.whl", hash = "sha256:9df7ed3b3d2e0ecfe09e14741b857df43adb5a3ddadc919a2d94fbdf78fea53c"},
    {file = "PyYAML-6.0-cp310-cp310-manylinux_2_17_aarch64.manylinux2014_aarch64.whl", hash = "sha256:77f396e6ef4c73fdc33a9157446466f1cff553d979bd00ecb64385760c6babdc"},
    {file = "PyYAML-6.0-cp310-cp310-manylinux_2_17_s390x.manylinux2014_s390x.whl", hash = "sha256:a80a78046a72361de73f8f395f1f1e49f956c6be882eed58505a15f3e430962b"},
    {file = "PyYAML-6.0-cp310-cp310-manylinux_2_5_x86_64.manylinux1_x86_64.manylinux_2_12_x86_64.manylinux2010_x86_64.whl", hash = "sha256:f84fbc98b019fef2ee9a1cb3ce93e3187a6df0b2538a651bfb890254ba9f90b5"},
    {file = "PyYAML-6.0-cp310-cp310-win32.whl", hash = "sha256:2cd5df3de48857ed0544b34e2d40e9fac445930039f3cfe4bcc592a1f836d513"},
    {file = "PyYAML-6.0-cp310-cp310-win_amd64.whl", hash = "sha256:daf496c58a8c52083df09b80c860005194014c3698698d1a57cbcfa182142a3a"},
    {file = "PyYAML-6.0-cp36-cp36m-macosx_10_9_x86_64.whl", hash = "sha256:897b80890765f037df3403d22bab41627ca8811ae55e9a722fd0392850ec4d86"},
    {file = "PyYAML-6.0-cp36-cp36m-manylinux_2_17_aarch64.manylinux2014_aarch64.whl", hash = "sha256:50602afada6d6cbfad699b0c7bb50d5ccffa7e46a3d738092afddc1f9758427f"},
    {file = "PyYAML-6.0-cp36-cp36m-manylinux_2_17_s390x.manylinux2014_s390x.whl", hash = "sha256:48c346915c114f5fdb3ead70312bd042a953a8ce5c7106d5bfb1a5254e47da92"},
    {file = "PyYAML-6.0-cp36-cp36m-manylinux_2_5_x86_64.manylinux1_x86_64.manylinux_2_12_x86_64.manylinux2010_x86_64.whl", hash = "sha256:98c4d36e99714e55cfbaaee6dd5badbc9a1ec339ebfc3b1f52e293aee6bb71a4"},
    {file = "PyYAML-6.0-cp36-cp36m-win32.whl", hash = "sha256:0283c35a6a9fbf047493e3a0ce8d79ef5030852c51e9d911a27badfde0605293"},
    {file = "PyYAML-6.0-cp36-cp36m-win_amd64.whl", hash = "sha256:07751360502caac1c067a8132d150cf3d61339af5691fe9e87803040dbc5db57"},
    {file = "PyYAML-6.0-cp37-cp37m-macosx_10_9_x86_64.whl", hash = "sha256:819b3830a1543db06c4d4b865e70ded25be52a2e0631ccd2f6a47a2822f2fd7c"},
    {file = "PyYAML-6.0-cp37-cp37m-manylinux_2_17_aarch64.manylinux2014_aarch64.whl", hash = "sha256:473f9edb243cb1935ab5a084eb238d842fb8f404ed2193a915d1784b5a6b5fc0"},
    {file = "PyYAML-6.0-cp37-cp37m-manylinux_2_17_s390x.manylinux2014_s390x.whl", hash = "sha256:0ce82d761c532fe4ec3f87fc45688bdd3a4c1dc5e0b4a19814b9009a29baefd4"},
    {file = "PyYAML-6.0-cp37-cp37m-manylinux_2_5_x86_64.manylinux1_x86_64.manylinux_2_12_x86_64.manylinux2010_x86_64.whl", hash = "sha256:231710d57adfd809ef5d34183b8ed1eeae3f76459c18fb4a0b373ad56bedcdd9"},
    {file = "PyYAML-6.0-cp37-cp37m-win32.whl", hash = "sha256:c5687b8d43cf58545ade1fe3e055f70eac7a5a1a0bf42824308d868289a95737"},
    {file = "PyYAML-6.0-cp37-cp37m-win_amd64.whl", hash = "sha256:d15a181d1ecd0d4270dc32edb46f7cb7733c7c508857278d3d378d14d606db2d"},
    {file = "PyYAML-6.0-cp38-cp38-macosx_10_9_x86_64.whl", hash = "sha256:0b4624f379dab24d3725ffde76559cff63d9ec94e1736b556dacdfebe5ab6d4b"},
    {file = "PyYAML-6.0-cp38-cp38-manylinux_2_17_aarch64.manylinux2014_aarch64.whl", hash = "sha256:213c60cd50106436cc818accf5baa1aba61c0189ff610f64f4a3e8c6726218ba"},
    {file = "PyYAML-6.0-cp38-cp38-manylinux_2_17_s390x.manylinux2014_s390x.whl", hash = "sha256:9fa600030013c4de8165339db93d182b9431076eb98eb40ee068700c9c813e34"},
    {file = "PyYAML-6.0-cp38-cp38-manylinux_2_5_x86_64.manylinux1_x86_64.manylinux_2_12_x86_64.manylinux2010_x86_64.whl", hash = "sha256:277a0ef2981ca40581a47093e9e2d13b3f1fbbeffae064c1d21bfceba2030287"},
    {file = "PyYAML-6.0-cp38-cp38-win32.whl", hash = "sha256:d4eccecf9adf6fbcc6861a38015c2a64f38b9d94838ac1810a9023a0609e1b78"},
    {file = "PyYAML-6.0-cp38-cp38-win_amd64.whl", hash = "sha256:1e4747bc279b4f613a09eb64bba2ba602d8a6664c6ce6396a4d0cd413a50ce07"},
    {file = "PyYAML-6.0-cp39-cp39-macosx_10_9_x86_64.whl", hash = "sha256:055d937d65826939cb044fc8c9b08889e8c743fdc6a32b33e2390f66013e449b"},
    {file = "PyYAML-6.0-cp39-cp39-macosx_11_0_arm64.whl", hash = "sha256:e61ceaab6f49fb8bdfaa0f92c4b57bcfbea54c09277b1b4f7ac376bfb7a7c174"},
    {file = "PyYAML-6.0-cp39-cp39-manylinux_2_17_aarch64.manylinux2014_aarch64.whl", hash = "sha256:d67d839ede4ed1b28a4e8909735fc992a923cdb84e618544973d7dfc71540803"},
    {file = "PyYAML-6.0-cp39-cp39-manylinux_2_17_s390x.manylinux2014_s390x.whl", hash = "sha256:cba8c411ef271aa037d7357a2bc8f9ee8b58b9965831d9e51baf703280dc73d3"},
    {file = "PyYAML-6.0-cp39-cp39-manylinux_2_5_x86_64.manylinux1_x86_64.manylinux_2_12_x86_64.manylinux2010_x86_64.whl", hash = "sha256:40527857252b61eacd1d9af500c3337ba8deb8fc298940291486c465c8b46ec0"},
    {file = "PyYAML-6.0-cp39-cp39-win32.whl", hash = "sha256:b5b9eccad747aabaaffbc6064800670f0c297e52c12754eb1d976c57e4f74dcb"},
    {file = "PyYAML-6.0-cp39-cp39-win_amd64.whl", hash = "sha256:b3d267842bf12586ba6c734f89d1f5b871df0273157918b0ccefa29deb05c21c"},
    {file = "PyYAML-6.0.tar.gz", hash = "sha256:68fb519c14306fec9720a2a5b45bc9f0c8d1b9c72adf45c37baedfcd949c35a2"},
]
requests = [
    {file = "requests-2.27.1-py2.py3-none-any.whl", hash = "sha256:f22fa1e554c9ddfd16e6e41ac79759e17be9e492b3587efa038054674760e72d"},
    {file = "requests-2.27.1.tar.gz", hash = "sha256:68d7c56fd5a8999887728ef304a6d12edc7be74f1cfa47714fc8b414525c9a61"},
]
urllib3 = [
    {file = "urllib3-1.26.8-py2.py3-none-any.whl", hash = "sha256:000ca7f471a233c2251c6c7023ee85305721bfdf18621ebff4fd17a8653427ed"},
    {file = "urllib3-1.26.8.tar.gz", hash = "sha256:0e7c33d9a63e7ddfcb86780aac87befc2fbddf46c58dbb487e0855f7ceec283c"},
]
websockets = [
    {file = "websockets-10.2-cp310-cp310-macosx_10_9_universal2.whl", hash = "sha256:d5396710f86a306cf52f87fd8ea594a0e894ba0cc5a36059eaca3a477dc332aa"},
    {file = "websockets-10.2-cp310-cp310-macosx_10_9_x86_64.whl", hash = "sha256:b22bdc795e62e71118b63e14a08bacfa4f262fd2877de7e5b950f5ac16b0348f"},
    {file = "websockets-10.2-cp310-cp310-macosx_11_0_arm64.whl", hash = "sha256:5b04270b5613f245ec84bb2c6a482a9d009aefad37c0575f6cda8499125d5d5c"},
    {file = "websockets-10.2-cp310-cp310-manylinux_2_17_aarch64.manylinux2014_aarch64.whl", hash = "sha256:f5c335dc0e7dc271ef36df3f439868b3c790775f345338c2f61a562f1074187b"},
    {file = "websockets-10.2-cp310-cp310-manylinux_2_5_i686.manylinux1_i686.manylinux_2_12_i686.manylinux2010_i686.whl", hash = "sha256:6a009eb551c46fd79737791c0c833fc0e5b56bcd1c3057498b262d660b92e9cd"},
    {file = "websockets-10.2-cp310-cp310-manylinux_2_5_x86_64.manylinux1_x86_64.manylinux_2_12_x86_64.manylinux2010_x86_64.whl", hash = "sha256:a10c0c1ee02164246f90053273a42d72a3b2452a7e7486fdae781138cf7fbe2d"},
    {file = "websockets-10.2-cp310-cp310-musllinux_1_1_aarch64.whl", hash = "sha256:7b38a5c9112e3dbbe45540f7b60c5204f49b3cb501b40950d6ab34cd202ab1d0"},
    {file = "websockets-10.2-cp310-cp310-musllinux_1_1_i686.whl", hash = "sha256:2aa9b91347ecd0412683f28aabe27f6bad502d89bd363b76e0a3508b1596402e"},
    {file = "websockets-10.2-cp310-cp310-musllinux_1_1_x86_64.whl", hash = "sha256:b7fe45ae43ac814beb8ca09d6995b56800676f2cfa8e23f42839dc69bba34a42"},
    {file = "websockets-10.2-cp310-cp310-win32.whl", hash = "sha256:cef40a1b183dcf39d23b392e9dd1d9b07ab9c46aadf294fff1350fb79146e72b"},
    {file = "websockets-10.2-cp310-cp310-win_amd64.whl", hash = "sha256:c21a67ab9a94bd53e10bba21912556027fea944648a09e6508415ad14e37c325"},
    {file = "websockets-10.2-cp37-cp37m-macosx_10_9_x86_64.whl", hash = "sha256:cb316b87cbe3c0791c2ad92a5a36bf6adc87c457654335810b25048c1daa6fd5"},
    {file = "websockets-10.2-cp37-cp37m-manylinux_2_17_aarch64.manylinux2014_aarch64.whl", hash = "sha256:f14bd10e170abc01682a9f8b28b16e6f20acf6175945ef38db6ffe31b0c72c3f"},
    {file = "websockets-10.2-cp37-cp37m-manylinux_2_5_i686.manylinux1_i686.manylinux_2_12_i686.manylinux2010_i686.whl", hash = "sha256:fa35c5d1830d0fb7b810324e9eeab9aa92e8f273f11fdbdc0741dcded6d72b9f"},
    {file = "websockets-10.2-cp37-cp37m-manylinux_2_5_x86_64.manylinux1_x86_64.manylinux_2_12_x86_64.manylinux2010_x86_64.whl", hash = "sha256:71a4491cfe7a9f18ee57d41163cb6a8a3fa591e0f0564ca8b0ed86b2a30cced4"},
    {file = "websockets-10.2-cp37-cp37m-musllinux_1_1_aarch64.whl", hash = "sha256:6193bbc1ee63aadeb9a4d81de0e19477401d150d506aee772d8380943f118186"},
    {file = "websockets-10.2-cp37-cp37m-musllinux_1_1_i686.whl", hash = "sha256:8beac786a388bb99a66c3be4ab0fb38273c0e3bc17f612a4e0a47c4fc8b9c045"},
    {file = "websockets-10.2-cp37-cp37m-musllinux_1_1_x86_64.whl", hash = "sha256:c67d9cacb3f6537ca21e9b224d4fd08481538e43bcac08b3d93181b0816def39"},
    {file = "websockets-10.2-cp37-cp37m-win32.whl", hash = "sha256:a03a25d95cc7400bd4d61a63460b5d85a7761c12075ee2f51de1ffe73aa593d3"},
    {file = "websockets-10.2-cp37-cp37m-win_amd64.whl", hash = "sha256:f8296b8408ec6853b26771599990721a26403e62b9de7e50ac0a056772ac0b5e"},
    {file = "websockets-10.2-cp38-cp38-macosx_10_9_universal2.whl", hash = "sha256:7bb9d8a6beca478c7e9bdde0159bd810cc1006ad6a7cb460533bae39da692ca2"},
    {file = "websockets-10.2-cp38-cp38-macosx_10_9_x86_64.whl", hash = "sha256:05f6e9757017270e7a92a2975e2ae88a9a582ffc4629086fd6039aa80e99cd86"},
    {file = "websockets-10.2-cp38-cp38-macosx_11_0_arm64.whl", hash = "sha256:1c9031e90ebfc486e9cdad532b94004ade3aa39a31d3c46c105bb0b579cd2490"},
    {file = "websockets-10.2-cp38-cp38-manylinux_2_17_aarch64.manylinux2014_aarch64.whl", hash = "sha256:82bc33db6d8309dc27a3bee11f7da2288ad925fcbabc2a4bb78f7e9c56249baf"},
    {file = "websockets-10.2-cp38-cp38-manylinux_2_5_i686.manylinux1_i686.manylinux_2_12_i686.manylinux2010_i686.whl", hash = "sha256:24b879ba7db12bb525d4e58089fcbe6a3df3ce4666523183654170e86d372cbe"},
    {file = "websockets-10.2-cp38-cp38-manylinux_2_5_x86_64.manylinux1_x86_64.manylinux_2_12_x86_64.manylinux2010_x86_64.whl", hash = "sha256:cf931c33db9c87c53d009856045dd524e4a378445693382a920fa1e0eb77c36c"},
    {file = "websockets-10.2-cp38-cp38-musllinux_1_1_aarch64.whl", hash = "sha256:669e54228a4d9457abafed27cbf0e2b9f401445c4dfefc12bf8e4db9751703b8"},
    {file = "websockets-10.2-cp38-cp38-musllinux_1_1_i686.whl", hash = "sha256:bffc65442dd35c473ca9790a3fa3ba06396102a950794f536783f4b8060af8dd"},
    {file = "websockets-10.2-cp38-cp38-musllinux_1_1_x86_64.whl", hash = "sha256:d4d110a84b63c5cfdd22485acc97b8b919aefeecd6300c0c9d551e055b9a88ea"},
    {file = "websockets-10.2-cp38-cp38-win32.whl", hash = "sha256:117383d0a17a0dda349f7a8790763dde75c1508ff8e4d6e8328b898b7df48397"},
    {file = "websockets-10.2-cp38-cp38-win_amd64.whl", hash = "sha256:0b66421f9f13d4df60cd48ab977ed2c2b6c9147ae1a33caf5a9f46294422fda1"},
    {file = "websockets-10.2-cp39-cp39-macosx_10_9_universal2.whl", hash = "sha256:ac081aa0307f263d63c5ff0727935c736c8dad51ddf2dc9f5d0c4759842aefaa"},
    {file = "websockets-10.2-cp39-cp39-macosx_10_9_x86_64.whl", hash = "sha256:b4059e2ccbe6587b6dc9a01db5fc49ead9a884faa4076eea96c5ec62cb32f42a"},
    {file = "websockets-10.2-cp39-cp39-macosx_11_0_arm64.whl", hash = "sha256:9ca2ca05a4c29179f06cf6727b45dba5d228da62623ec9df4184413d8aae6cb9"},
    {file = "websockets-10.2-cp39-cp39-manylinux_2_17_aarch64.manylinux2014_aarch64.whl", hash = "sha256:97950c7c844ec6f8d292440953ae18b99e3a6a09885e09d20d5e7ecd9b914cf8"},
    {file = "websockets-10.2-cp39-cp39-manylinux_2_5_i686.manylinux1_i686.manylinux_2_12_i686.manylinux2010_i686.whl", hash = "sha256:98f57b3120f8331cd7440dbe0e776474f5e3632fdaa474af1f6b754955a47d71"},
    {file = "websockets-10.2-cp39-cp39-manylinux_2_5_x86_64.manylinux1_x86_64.manylinux_2_12_x86_64.manylinux2010_x86_64.whl", hash = "sha256:a72b92f96e5e540d5dda99ee3346e199ade8df63152fa3c737260da1730c411f"},
    {file = "websockets-10.2-cp39-cp39-musllinux_1_1_aarch64.whl", hash = "sha256:038afef2a05893578d10dadbdbb5f112bd115c46347e1efe99f6a356ff062138"},
    {file = "websockets-10.2-cp39-cp39-musllinux_1_1_i686.whl", hash = "sha256:f09f46b1ff6d09b01c7816c50bd1903cf7d02ebbdb63726132717c2fcda835d5"},
    {file = "websockets-10.2-cp39-cp39-musllinux_1_1_x86_64.whl", hash = "sha256:2349fa81b6b959484bb2bda556ccb9eb70ba68987646a0f8a537a1a18319fb03"},
    {file = "websockets-10.2-cp39-cp39-win32.whl", hash = "sha256:bef03a51f9657fb03d8da6ccd233fe96e04101a852f0ffd35f5b725b28221ff3"},
    {file = "websockets-10.2-cp39-cp39-win_amd64.whl", hash = "sha256:1c1f3b18c8162e3b09761d0c6a0305fd642934202541cc511ef972cb9463261e"},
    {file = "websockets-10.2-pp37-pypy37_pp73-macosx_10_9_x86_64.whl", hash = "sha256:5a38a0175ae82e4a8c4bac29fc01b9ee26d7d5a614e5ee11e7813c68a7d938ce"},
    {file = "websockets-10.2-pp37-pypy37_pp73-manylinux_2_17_aarch64.manylinux2014_aarch64.whl", hash = "sha256:c6e56606842bb24e16e36ae7eb308d866b4249cf0be8f63b212f287eeb76b124"},
    {file = "websockets-10.2-pp37-pypy37_pp73-manylinux_2_5_i686.manylinux1_i686.manylinux_2_12_i686.manylinux2010_i686.whl", hash = "sha256:0f73cb2526d6da268e86977b2c4b58f2195994e53070fe567d5487c6436047e6"},
    {file = "websockets-10.2-pp37-pypy37_pp73-manylinux_2_5_x86_64.manylinux1_x86_64.manylinux_2_12_x86_64.manylinux2010_x86_64.whl", hash = "sha256:0cd02f36d37e503aca88ab23cc0a1a0e92a263d37acf6331521eb38040dcf77b"},
    {file = "websockets-10.2-pp37-pypy37_pp73-win_amd64.whl", hash = "sha256:56d48eebe9e39ce0d68701bce3b21df923aa05dcc00f9fd8300de1df31a7c07c"},
    {file = "websockets-10.2.tar.gz", hash = "sha256:8351c3c86b08156337b0e4ece0e3c5ec3e01fcd14e8950996832a23c99416098"},
]
yt-dlp = [
    {file = "yt-dlp-2022.2.4.tar.gz", hash = "sha256:81b50ed7cf9cfcc042d8f5a1ad2d1cd7b13c48b36c07faf1880696eac0a7ddb5"},
    {file = "yt_dlp-2022.2.4-py2.py3-none-any.whl", hash = "sha256:b0051920e066379acba6e253adba8bc1592e2ad1b7923df3a56793a4774b0cee"},
]
